// !$*UTF8*$!
{
	archiveVersion = 1;
	classes = {
	};
	objectVersion = 46;
	objects = {

/* Begin PBXBuildFile section */
		D25E10211F34544C00BD30EE /* AppDelegate.swift in Sources */ = {isa = PBXBuildFile; fileRef = D25E101E1F34544C00BD30EE /* AppDelegate.swift */; };
		D25E10221F34544C00BD30EE /* MainViewController.swift in Sources */ = {isa = PBXBuildFile; fileRef = D25E101F1F34544C00BD30EE /* MainViewController.swift */; };
		D25E10231F34544C00BD30EE /* RoundedButton.swift in Sources */ = {isa = PBXBuildFile; fileRef = D25E10201F34544C00BD30EE /* RoundedButton.swift */; };
		D25E10281F34545B00BD30EE /* LaunchScreen.storyboard in Resources */ = {isa = PBXBuildFile; fileRef = D25E10241F34545B00BD30EE /* LaunchScreen.storyboard */; };
		D25E10291F34545B00BD30EE /* Main.storyboard in Resources */ = {isa = PBXBuildFile; fileRef = D25E10261F34545B00BD30EE /* Main.storyboard */; };
		D25E102B1F34547100BD30EE /* Localizable.strings in Resources */ = {isa = PBXBuildFile; fileRef = D25E102A1F34547100BD30EE /* Localizable.strings */; };
		D25E10311F3455E300BD30EE /* Assets.xcassets in Resources */ = {isa = PBXBuildFile; fileRef = D25E10301F3455E300BD30EE /* Assets.xcassets */; };
/* End PBXBuildFile section */

/* Begin PBXFileReference section */
		D223470A1F33945E00DE0182 /* MoveLuke.app */ = {isa = PBXFileReference; explicitFileType = wrapper.application; includeInIndex = 0; path = MoveLuke.app; sourceTree = BUILT_PRODUCTS_DIR; };
		D25E101E1F34544C00BD30EE /* AppDelegate.swift */ = {isa = PBXFileReference; fileEncoding = 4; lastKnownFileType = sourcecode.swift; name = AppDelegate.swift; path = MoveLuke/AppDelegate.swift; sourceTree = SOURCE_ROOT; };
		D25E101F1F34544C00BD30EE /* MainViewController.swift */ = {isa = PBXFileReference; fileEncoding = 4; lastKnownFileType = sourcecode.swift; name = MainViewController.swift; path = MoveLuke/MainViewController.swift; sourceTree = SOURCE_ROOT; };
		D25E10201F34544C00BD30EE /* RoundedButton.swift */ = {isa = PBXFileReference; fileEncoding = 4; lastKnownFileType = sourcecode.swift; name = RoundedButton.swift; path = MoveLuke/RoundedButton.swift; sourceTree = SOURCE_ROOT; };
		D25E10251F34545B00BD30EE /* Base */ = {isa = PBXFileReference; lastKnownFileType = file.storyboard; name = Base; path = MoveLuke/Base.lproj/LaunchScreen.storyboard; sourceTree = SOURCE_ROOT; };
		D25E10271F34545B00BD30EE /* Base */ = {isa = PBXFileReference; lastKnownFileType = file.storyboard; name = Base; path = MoveLuke/Base.lproj/Main.storyboard; sourceTree = SOURCE_ROOT; };
		D25E102A1F34547100BD30EE /* Localizable.strings */ = {isa = PBXFileReference; fileEncoding = 4; lastKnownFileType = text.plist.strings; path = Localizable.strings; sourceTree = SOURCE_ROOT; };
		D25E102C1F34547B00BD30EE /* Info.plist */ = {isa = PBXFileReference; fileEncoding = 4; lastKnownFileType = text.plist.xml; name = Info.plist; path = MoveLuke/Info.plist; sourceTree = SOURCE_ROOT; };
		D25E10301F3455E300BD30EE /* Assets.xcassets */ = {isa = PBXFileReference; lastKnownFileType = folder.assetcatalog; name = Assets.xcassets; path = MoveLuke/Assets.xcassets; sourceTree = SOURCE_ROOT; };
/* End PBXFileReference section */

/* Begin PBXFrameworksBuildPhase section */
		D22347071F33945E00DE0182 /* Frameworks */ = {
			isa = PBXFrameworksBuildPhase;
			buildActionMask = 2147483647;
			files = (
			);
			runOnlyForDeploymentPostprocessing = 0;
		};
/* End PBXFrameworksBuildPhase section */

/* Begin PBXGroup section */
		D22347011F33945E00DE0182 = {
			isa = PBXGroup;
			children = (
				D223470C1F33945E00DE0182 /* MoveLuke */,
				D223470B1F33945E00DE0182 /* Products */,
			);
			sourceTree = "<group>";
		};
		D223470B1F33945E00DE0182 /* Products */ = {
			isa = PBXGroup;
			children = (
				D223470A1F33945E00DE0182 /* MoveLuke.app */,
			);
			name = Products;
			sourceTree = "<group>";
		};
		D223470C1F33945E00DE0182 /* MoveLuke */ = {
			isa = PBXGroup;
			children = (
				D25E101E1F34544C00BD30EE /* AppDelegate.swift */,
				D25E101F1F34544C00BD30EE /* MainViewController.swift */,
				D25E10201F34544C00BD30EE /* RoundedButton.swift */,
				D22347231F33E75900DE0182 /* Storyboards */,
				D25E10301F3455E300BD30EE /* Assets.xcassets */,
				D22347251F33E78000DE0182 /* Support Files */,
			);
			name = MoveLuke;
			path = BoundsTest;
			sourceTree = "<group>";
		};
		D22347231F33E75900DE0182 /* Storyboards */ = {
			isa = PBXGroup;
			children = (
				D25E10241F34545B00BD30EE /* LaunchScreen.storyboard */,
				D25E10261F34545B00BD30EE /* Main.storyboard */,
			);
			name = Storyboards;
			sourceTree = "<group>";
		};
		D22347251F33E78000DE0182 /* Support Files */ = {
			isa = PBXGroup;
			children = (
				D25E102C1F34547B00BD30EE /* Info.plist */,
				D25E102A1F34547100BD30EE /* Localizable.strings */,
			);
			name = "Support Files";
			sourceTree = "<group>";
		};
/* End PBXGroup section */

/* Begin PBXNativeTarget section */
		D22347091F33945E00DE0182 /* MoveLuke */ = {
			isa = PBXNativeTarget;
			buildConfigurationList = D223471C1F33945E00DE0182 /* Build configuration list for PBXNativeTarget "MoveLuke" */;
			buildPhases = (
				D22347061F33945E00DE0182 /* Sources */,
				D22347071F33945E00DE0182 /* Frameworks */,
				D22347081F33945E00DE0182 /* Resources */,
			);
			buildRules = (
			);
			dependencies = (
			);
			name = MoveLuke;
			productName = BoundsTest;
			productReference = D223470A1F33945E00DE0182 /* MoveLuke.app */;
			productType = "com.apple.product-type.application";
		};
/* End PBXNativeTarget section */

/* Begin PBXProject section */
		D22347021F33945E00DE0182 /* Project object */ = {
			isa = PBXProject;
			attributes = {
				LastSwiftUpdateCheck = 0830;
				LastUpgradeCheck = 0900;
				ORGANIZATIONNAME = "Scott Grant";
				TargetAttributes = {
					D22347091F33945E00DE0182 = {
						CreatedOnToolsVersion = 8.3.3;
						DevelopmentTeam = 6QT7Y9XEFP;
						LastSwiftMigration = 0900;
						ProvisioningStyle = Automatic;
					};
				};
			};
			buildConfigurationList = D22347051F33945E00DE0182 /* Build configuration list for PBXProject "MoveLuke" */;
			compatibilityVersion = "Xcode 3.2";
			developmentRegion = English;
			hasScannedForEncodings = 0;
			knownRegions = (
				en,
				Base,
			);
			mainGroup = D22347011F33945E00DE0182;
			productRefGroup = D223470B1F33945E00DE0182 /* Products */;
			projectDirPath = "";
			projectRoot = "";
			targets = (
				D22347091F33945E00DE0182 /* MoveLuke */,
			);
		};
/* End PBXProject section */

/* Begin PBXResourcesBuildPhase section */
		D22347081F33945E00DE0182 /* Resources */ = {
			isa = PBXResourcesBuildPhase;
			buildActionMask = 2147483647;
			files = (
				D25E10281F34545B00BD30EE /* LaunchScreen.storyboard in Resources */,
				D25E102B1F34547100BD30EE /* Localizable.strings in Resources */,
				D25E10291F34545B00BD30EE /* Main.storyboard in Resources */,
				D25E10311F3455E300BD30EE /* Assets.xcassets in Resources */,
			);
			runOnlyForDeploymentPostprocessing = 0;
		};
/* End PBXResourcesBuildPhase section */

/* Begin PBXSourcesBuildPhase section */
		D22347061F33945E00DE0182 /* Sources */ = {
			isa = PBXSourcesBuildPhase;
			buildActionMask = 2147483647;
			files = (
				D25E10211F34544C00BD30EE /* AppDelegate.swift in Sources */,
				D25E10231F34544C00BD30EE /* RoundedButton.swift in Sources */,
				D25E10221F34544C00BD30EE /* MainViewController.swift in Sources */,
			);
			runOnlyForDeploymentPostprocessing = 0;
		};
/* End PBXSourcesBuildPhase section */

/* Begin PBXVariantGroup section */
		D25E10241F34545B00BD30EE /* LaunchScreen.storyboard */ = {
			isa = PBXVariantGroup;
			children = (
				D25E10251F34545B00BD30EE /* Base */,
			);
			name = LaunchScreen.storyboard;
			sourceTree = "<group>";
		};
		D25E10261F34545B00BD30EE /* Main.storyboard */ = {
			isa = PBXVariantGroup;
			children = (
				D25E10271F34545B00BD30EE /* Base */,
			);
			name = Main.storyboard;
			sourceTree = "<group>";
		};
/* End PBXVariantGroup section */

/* Begin XCBuildConfiguration section */
		D223471A1F33945E00DE0182 /* Debug */ = {
			isa = XCBuildConfiguration;
			buildSettings = {
				ALWAYS_SEARCH_USER_PATHS = NO;
				CLANG_ANALYZER_NONNULL = YES;
				CLANG_ANALYZER_NUMBER_OBJECT_CONVERSION = YES_AGGRESSIVE;
				CLANG_CXX_LANGUAGE_STANDARD = "gnu++0x";
				CLANG_CXX_LIBRARY = "libc++";
				CLANG_ENABLE_MODULES = YES;
				CLANG_ENABLE_OBJC_ARC = YES;
				CLANG_WARN_BLOCK_CAPTURE_AUTORELEASING = YES;
				CLANG_WARN_BOOL_CONVERSION = YES;
				CLANG_WARN_COMMA = YES;
				CLANG_WARN_CONSTANT_CONVERSION = YES;
				CLANG_WARN_DIRECT_OBJC_ISA_USAGE = YES_ERROR;
				CLANG_WARN_DOCUMENTATION_COMMENTS = YES;
				CLANG_WARN_EMPTY_BODY = YES;
				CLANG_WARN_ENUM_CONVERSION = YES;
				CLANG_WARN_INFINITE_RECURSION = YES;
				CLANG_WARN_INT_CONVERSION = YES;
				CLANG_WARN_NON_LITERAL_NULL_CONVERSION = YES;
				CLANG_WARN_OBJC_LITERAL_CONVERSION = YES;
				CLANG_WARN_OBJC_ROOT_CLASS = YES_ERROR;
				CLANG_WARN_RANGE_LOOP_ANALYSIS = YES;
				CLANG_WARN_STRICT_PROTOTYPES = YES;
				CLANG_WARN_SUSPICIOUS_MOVE = YES;
				CLANG_WARN_UNREACHABLE_CODE = YES;
				CLANG_WARN__DUPLICATE_METHOD_MATCH = YES;
				"CODE_SIGN_IDENTITY[sdk=iphoneos*]" = "iPhone Developer";
				COPY_PHASE_STRIP = NO;
				DEBUG_INFORMATION_FORMAT = dwarf;
				ENABLE_STRICT_OBJC_MSGSEND = YES;
				ENABLE_TESTABILITY = YES;
				GCC_C_LANGUAGE_STANDARD = gnu99;
				GCC_DYNAMIC_NO_PIC = NO;
				GCC_NO_COMMON_BLOCKS = YES;
				GCC_OPTIMIZATION_LEVEL = 0;
				GCC_PREPROCESSOR_DEFINITIONS = (
					"DEBUG=1",
					"$(inherited)",
				);
				GCC_WARN_64_TO_32_BIT_CONVERSION = YES;
				GCC_WARN_ABOUT_RETURN_TYPE = YES_ERROR;
				GCC_WARN_UNDECLARED_SELECTOR = YES;
				GCC_WARN_UNINITIALIZED_AUTOS = YES_AGGRESSIVE;
				GCC_WARN_UNUSED_FUNCTION = YES;
				GCC_WARN_UNUSED_VARIABLE = YES;
				IPHONEOS_DEPLOYMENT_TARGET = 10.3;
				MTL_ENABLE_DEBUG_INFO = YES;
				ONLY_ACTIVE_ARCH = YES;
				SDKROOT = iphoneos;
				SWIFT_ACTIVE_COMPILATION_CONDITIONS = DEBUG;
				SWIFT_OPTIMIZATION_LEVEL = "-Onone";
				SWIFT_SWIFT3_OBJC_INFERENCE = Default;
			};
			name = Debug;
		};
		D223471B1F33945E00DE0182 /* Release */ = {
			isa = XCBuildConfiguration;
			buildSettings = {
				ALWAYS_SEARCH_USER_PATHS = NO;
				CLANG_ANALYZER_NONNULL = YES;
				CLANG_ANALYZER_NUMBER_OBJECT_CONVERSION = YES_AGGRESSIVE;
				CLANG_CXX_LANGUAGE_STANDARD = "gnu++0x";
				CLANG_CXX_LIBRARY = "libc++";
				CLANG_ENABLE_MODULES = YES;
				CLANG_ENABLE_OBJC_ARC = YES;
				CLANG_WARN_BLOCK_CAPTURE_AUTORELEASING = YES;
				CLANG_WARN_BOOL_CONVERSION = YES;
				CLANG_WARN_COMMA = YES;
				CLANG_WARN_CONSTANT_CONVERSION = YES;
				CLANG_WARN_DIRECT_OBJC_ISA_USAGE = YES_ERROR;
				CLANG_WARN_DOCUMENTATION_COMMENTS = YES;
				CLANG_WARN_EMPTY_BODY = YES;
				CLANG_WARN_ENUM_CONVERSION = YES;
				CLANG_WARN_INFINITE_RECURSION = YES;
				CLANG_WARN_INT_CONVERSION = YES;
				CLANG_WARN_NON_LITERAL_NULL_CONVERSION = YES;
				CLANG_WARN_OBJC_LITERAL_CONVERSION = YES;
				CLANG_WARN_OBJC_ROOT_CLASS = YES_ERROR;
				CLANG_WARN_RANGE_LOOP_ANALYSIS = YES;
				CLANG_WARN_STRICT_PROTOTYPES = YES;
				CLANG_WARN_SUSPICIOUS_MOVE = YES;
				CLANG_WARN_UNREACHABLE_CODE = YES;
				CLANG_WARN__DUPLICATE_METHOD_MATCH = YES;
				"CODE_SIGN_IDENTITY[sdk=iphoneos*]" = "iPhone Developer";
				COPY_PHASE_STRIP = NO;
				DEBUG_INFORMATION_FORMAT = "dwarf-with-dsym";
				ENABLE_NS_ASSERTIONS = NO;
				ENABLE_STRICT_OBJC_MSGSEND = YES;
				GCC_C_LANGUAGE_STANDARD = gnu99;
				GCC_NO_COMMON_BLOCKS = YES;
				GCC_WARN_64_TO_32_BIT_CONVERSION = YES;
				GCC_WARN_ABOUT_RETURN_TYPE = YES_ERROR;
				GCC_WARN_UNDECLARED_SELECTOR = YES;
				GCC_WARN_UNINITIALIZED_AUTOS = YES_AGGRESSIVE;
				GCC_WARN_UNUSED_FUNCTION = YES;
				GCC_WARN_UNUSED_VARIABLE = YES;
				IPHONEOS_DEPLOYMENT_TARGET = 10.3;
				MTL_ENABLE_DEBUG_INFO = NO;
				SDKROOT = iphoneos;
				SWIFT_OPTIMIZATION_LEVEL = "-Owholemodule";
				SWIFT_SWIFT3_OBJC_INFERENCE = Default;
				VALIDATE_PRODUCT = YES;
			};
			name = Release;
		};
		D223471D1F33945E00DE0182 /* Debug */ = {
			isa = XCBuildConfiguration;
			buildSettings = {
				ASSETCATALOG_COMPILER_APPICON_NAME = AppIcon;
				CLANG_ENABLE_MODULES = YES;
				DEVELOPMENT_TEAM = 6QT7Y9XEFP;
				INFOPLIST_FILE = "$(SRCROOT)/MoveLuke/Info.plist";
				LD_RUNPATH_SEARCH_PATHS = "$(inherited) @executable_path/Frameworks";
				PRODUCT_BUNDLE_IDENTIFIER = com.scottgrantapps.MoveLuke;
				PRODUCT_NAME = "$(TARGET_NAME)";
				SWIFT_OPTIMIZATION_LEVEL = "-Onone";
				SWIFT_SWIFT3_OBJC_INFERENCE = Default;
				SWIFT_VERSION = 4.0;
			};
			name = Debug;
		};
		D223471E1F33945E00DE0182 /* Release */ = {
			isa = XCBuildConfiguration;
			buildSettings = {
				ASSETCATALOG_COMPILER_APPICON_NAME = AppIcon;
				CLANG_ENABLE_MODULES = YES;
				DEVELOPMENT_TEAM = 6QT7Y9XEFP;
				INFOPLIST_FILE = "$(SRCROOT)/MoveLuke/Info.plist";
				LD_RUNPATH_SEARCH_PATHS = "$(inherited) @executable_path/Frameworks";
				PRODUCT_BUNDLE_IDENTIFIER = com.scottgrantapps.MoveLuke;
				PRODUCT_NAME = "$(TARGET_NAME)";
				SWIFT_SWIFT3_OBJC_INFERENCE = Default;
				SWIFT_VERSION = 4.0;
			};
			name = Release;
		};
/* End XCBuildConfiguration section */

/* Begin XCConfigurationList section */
		D22347051F33945E00DE0182 /* Build configuration list for PBXProject "MoveLuke" */ = {
			isa = XCConfigurationList;
			buildConfigurations = (
				D223471A1F33945E00DE0182 /* Debug */,
				D223471B1F33945E00DE0182 /* Release */,
			);
			defaultConfigurationIsVisible = 0;
			defaultConfigurationName = Release;
		};
		D223471C1F33945E00DE0182 /* Build configuration list for PBXNativeTarget "MoveLuke" */ = {
			isa = XCConfigurationList;
			buildConfigurations = (
				D223471D1F33945E00DE0182 /* Debug */,
				D223471E1F33945E00DE0182 /* Release */,
			);
			defaultConfigurationIsVisible = 0;
			defaultConfigurationName = Release;
		};
/* End XCConfigurationList section */
	};
	rootObject = D22347021F33945E00DE0182 /* Project object */;
}
